
Microsoft Visual Studio Solution File, Format Version 12.00
# Visual Studio Version 16
VisualStudioVersion = 16.0.33328.57
MinimumVisualStudioVersion = 10.0.40219.1
Project("{FAE04EC0-301F-11D3-BF4B-00C04F79EFBC}") = "TextEditor", "TextEditor\TextEditor.csproj", "{E965BBBA-E228-47EA-A2E2-333AAFA13B7B}"
EndProject
Global
	GlobalSection(SolutionConfigurationPlatforms) = preSolution
		Debug|Any CPU = Debug|Any CPU
		Release|Any CPU = Release|Any CPU
	EndGlobalSection
	GlobalSection(ProjectConfigurationPlatforms) = postSolution
		{E965BBBA-E228-47EA-A2E2-333AAFA13B7B}.Debug|Any CPU.ActiveCfg = Debug|Any CPU
		{E965BBBA-E228-47EA-A2E2-333AAFA13B7B}.Debug|Any CPU.Build.0 = Debug|Any CPU
		{E965BBBA-E228-47EA-A2E2-333AAFA13B7B}.Release|Any CPU.ActiveCfg = Release|Any CPU
		{E965BBBA-E228-47EA-A2E2-333AAFA13B7B}.Release|Any CPU.Build.0 = Release|Any CPU
	EndGlobalSection
	GlobalSection(SolutionProperties) = preSolution
		HideSolutionNode = FALSE
	EndGlobalSection
	GlobalSection(ExtensibilityGlobals) = postSolution
		SolutionGuid = {3291F40E-CF74-40EE-9874-D76BF792C18A}
	EndGlobalSection
EndGlobal
