
Microsoft Visual Studio Solution File, Format Version 12.00
# Visual Studio Version 17
VisualStudioVersion = 17.5.33516.290
MinimumVisualStudioVersion = 10.0.40219.1
Project("{FAE04EC0-301F-11D3-BF4B-00C04F79EFBC}") = "WeightCalculator", "WeightCalculator\WeightCalculator.csproj", "{CCDFCF86-56E6-44DF-960F-08336FBAE1C7}"
EndProject
Global
	GlobalSection(SolutionConfigurationPlatforms) = preSolution
		Debug|Any CPU = Debug|Any CPU
		Release|Any CPU = Release|Any CPU
	EndGlobalSection
	GlobalSection(ProjectConfigurationPlatforms) = postSolution
		{CCDFCF86-56E6-44DF-960F-08336FBAE1C7}.Debug|Any CPU.ActiveCfg = Debug|Any CPU
		{CCDFCF86-56E6-44DF-960F-08336FBAE1C7}.Debug|Any CPU.Build.0 = Debug|Any CPU
		{CCDFCF86-56E6-44DF-960F-08336FBAE1C7}.Release|Any CPU.ActiveCfg = Release|Any CPU
		{CCDFCF86-56E6-44DF-960F-08336FBAE1C7}.Release|Any CPU.Build.0 = Release|Any CPU
	EndGlobalSection
	GlobalSection(SolutionProperties) = preSolution
		HideSolutionNode = FALSE
	EndGlobalSection
	GlobalSection(ExtensibilityGlobals) = postSolution
		SolutionGuid = {3B396ADD-0903-4B32-B6AA-530010D11AB3}
	EndGlobalSection
EndGlobal
