
Microsoft Visual Studio Solution File, Format Version 12.00
# Visual Studio Version 16
VisualStudioVersion = 16.0.30503.244
MinimumVisualStudioVersion = 10.0.40219.1
Project("{FAE04EC0-301F-11D3-BF4B-00C04F79EFBC}") = "MediaPlayer", "MediaPlayer\MediaPlayer.csproj", "{EE09DDC4-1560-41BB-AD7F-C12F2F7F0F51}"
EndProject
Global
	GlobalSection(SolutionConfigurationPlatforms) = preSolution
		Debug|Any CPU = Debug|Any CPU
		Release|Any CPU = Release|Any CPU
	EndGlobalSection
	GlobalSection(ProjectConfigurationPlatforms) = postSolution
		{EE09DDC4-1560-41BB-AD7F-C12F2F7F0F51}.Debug|Any CPU.ActiveCfg = Debug|Any CPU
		{EE09DDC4-1560-41BB-AD7F-C12F2F7F0F51}.Debug|Any CPU.Build.0 = Debug|Any CPU
		{EE09DDC4-1560-41BB-AD7F-C12F2F7F0F51}.Release|Any CPU.ActiveCfg = Release|Any CPU
		{EE09DDC4-1560-41BB-AD7F-C12F2F7F0F51}.Release|Any CPU.Build.0 = Release|Any CPU
	EndGlobalSection
	GlobalSection(SolutionProperties) = preSolution
		HideSolutionNode = FALSE
	EndGlobalSection
	GlobalSection(ExtensibilityGlobals) = postSolution
		SolutionGuid = {1186AAF9-60DD-45FE-8537-F60599CB4C2A}
	EndGlobalSection
EndGlobal
