
Microsoft Visual Studio Solution File, Format Version 12.00
# Visual Studio Version 16
VisualStudioVersion = 16.0.33529.622
MinimumVisualStudioVersion = 10.0.40219.1
Project("{FAE04EC0-301F-11D3-BF4B-00C04F79EFBC}") = "Timer", "Timer\Timer.csproj", "{4E161F13-2DF2-4F21-9B8E-CA4CFEA0F243}"
EndProject
Global
	GlobalSection(SolutionConfigurationPlatforms) = preSolution
		Debug|Any CPU = Debug|Any CPU
		Release|Any CPU = Release|Any CPU
	EndGlobalSection
	GlobalSection(ProjectConfigurationPlatforms) = postSolution
		{4E161F13-2DF2-4F21-9B8E-CA4CFEA0F243}.Debug|Any CPU.ActiveCfg = Debug|Any CPU
		{4E161F13-2DF2-4F21-9B8E-CA4CFEA0F243}.Debug|Any CPU.Build.0 = Debug|Any CPU
		{4E161F13-2DF2-4F21-9B8E-CA4CFEA0F243}.Release|Any CPU.ActiveCfg = Release|Any CPU
		{4E161F13-2DF2-4F21-9B8E-CA4CFEA0F243}.Release|Any CPU.Build.0 = Release|Any CPU
	EndGlobalSection
	GlobalSection(SolutionProperties) = preSolution
		HideSolutionNode = FALSE
	EndGlobalSection
	GlobalSection(ExtensibilityGlobals) = postSolution
		SolutionGuid = {EEB1C053-E62D-416E-8F47-9B68B039F603}
	EndGlobalSection
EndGlobal
