
Microsoft Visual Studio Solution File, Format Version 12.00
# Visual Studio Version 16
VisualStudioVersion = 16.0.33027.164
MinimumVisualStudioVersion = 10.0.40219.1
Project("{FAE04EC0-301F-11D3-BF4B-00C04F79EFBC}") = "Temperature", "Temperature.csproj", "{B14E1F2C-DA3B-4E74-B1A5-BAFEEA2CDAB3}"
EndProject
Global
	GlobalSection(SolutionConfigurationPlatforms) = preSolution
		Debug|Any CPU = Debug|Any CPU
		Release|Any CPU = Release|Any CPU
	EndGlobalSection
	GlobalSection(ProjectConfigurationPlatforms) = postSolution
		{B14E1F2C-DA3B-4E74-B1A5-BAFEEA2CDAB3}.Debug|Any CPU.ActiveCfg = Debug|Any CPU
		{B14E1F2C-DA3B-4E74-B1A5-BAFEEA2CDAB3}.Debug|Any CPU.Build.0 = Debug|Any CPU
		{B14E1F2C-DA3B-4E74-B1A5-BAFEEA2CDAB3}.Release|Any CPU.ActiveCfg = Release|Any CPU
		{B14E1F2C-DA3B-4E74-B1A5-BAFEEA2CDAB3}.Release|Any CPU.Build.0 = Release|Any CPU
	EndGlobalSection
	GlobalSection(SolutionProperties) = preSolution
		HideSolutionNode = FALSE
	EndGlobalSection
	GlobalSection(ExtensibilityGlobals) = postSolution
		SolutionGuid = {69F7A40E-990A-48BF-ACD2-DA6E1DCB3A64}
	EndGlobalSection
EndGlobal
